// !$*UTF8*$!
{
	archiveVersion = 1;
	classes = {
	};
	objectVersion = 50;
	objects = {

/* Begin PBXBuildFile section */
		17DA11B2257ABA1D00DC5C60 /* AppDelegate.swift in Sources */ = {isa = PBXBuildFile; fileRef = 17DA11B1257ABA1D00DC5C60 /* AppDelegate.swift */; };
		17DA11B4257ABA1D00DC5C60 /* SceneDelegate.swift in Sources */ = {isa = PBXBuildFile; fileRef = 17DA11B3257ABA1D00DC5C60 /* SceneDelegate.swift */; };
		17DA11B6257ABA1D00DC5C60 /* ContentView.swift in Sources */ = {isa = PBXBuildFile; fileRef = 17DA11B5257ABA1D00DC5C60 /* ContentView.swift */; };
		17DA11B8257ABA2200DC5C60 /* Assets.xcassets in Resources */ = {isa = PBXBuildFile; fileRef = 17DA11B7257ABA2200DC5C60 /* Assets.xcassets */; };
		17DA11BB257ABA2200DC5C60 /* Preview Assets.xcassets in Resources */ = {isa = PBXBuildFile; fileRef = 17DA11BA257ABA2200DC5C60 /* Preview Assets.xcassets */; };
		17DA11BE257ABA2200DC5C60 /* LaunchScreen.storyboard in Resources */ = {isa = PBXBuildFile; fileRef = 17DA11BC257ABA2200DC5C60 /* LaunchScreen.storyboard */; };
		17DA11C7257AC90E00DC5C60 /* DetailView.swift in Sources */ = {isa = PBXBuildFile; fileRef = 17DA11C6257AC90E00DC5C60 /* DetailView.swift */; };
		17DA11CA257ACC3B00DC5C60 /* DetailView2.swift in Sources */ = {isa = PBXBuildFile; fileRef = 17DA11C9257ACC3B00DC5C60 /* DetailView2.swift */; };
		17FD97B125F3C30D005E2A4A /* DetailView3.swift in Sources */ = {isa = PBXBuildFile; fileRef = 17FD97B025F3C30D005E2A4A /* DetailView3.swift */; };
		17FD97B425F3C318005E2A4A /* DetailView4.swift in Sources */ = {isa = PBXBuildFile; fileRef = 17FD97B325F3C318005E2A4A /* DetailView4.swift */; };
/* End PBXBuildFile section */

/* Begin PBXFileReference section */
		17DA11AE257ABA1D00DC5C60 /* navigationWithSwiftUI.app */ = {isa = PBXFileReference; explicitFileType = wrapper.application; includeInIndex = 0; path = navigationWithSwiftUI.app; sourceTree = BUILT_PRODUCTS_DIR; };
		17DA11B1257ABA1D00DC5C60 /* AppDelegate.swift */ = {isa = PBXFileReference; lastKnownFileType = sourcecode.swift; path = AppDelegate.swift; sourceTree = "<group>"; };
		17DA11B3257ABA1D00DC5C60 /* SceneDelegate.swift */ = {isa = PBXFileReference; lastKnownFileType = sourcecode.swift; path = SceneDelegate.swift; sourceTree = "<group>"; };
		17DA11B5257ABA1D00DC5C60 /* ContentView.swift */ = {isa = PBXFileReference; lastKnownFileType = sourcecode.swift; path = ContentView.swift; sourceTree = "<group>"; };
		17DA11B7257ABA2200DC5C60 /* Assets.xcassets */ = {isa = PBXFileReference; lastKnownFileType = folder.assetcatalog; path = Assets.xcassets; sourceTree = "<group>"; };
		17DA11BA257ABA2200DC5C60 /* Preview Assets.xcassets */ = {isa = PBXFileReference; lastKnownFileType = folder.assetcatalog; path = "Preview Assets.xcassets"; sourceTree = "<group>"; };
		17DA11BD257ABA2200DC5C60 /* Base */ = {isa = PBXFileReference; lastKnownFileType = file.storyboard; name = Base; path = Base.lproj/LaunchScreen.storyboard; sourceTree = "<group>"; };
		17DA11BF257ABA2200DC5C60 /* Info.plist */ = {isa = PBXFileReference; lastKnownFileType = text.plist.xml; path = Info.plist; sourceTree = "<group>"; };
		17DA11C6257AC90E00DC5C60 /* DetailView.swift */ = {isa = PBXFileReference; lastKnownFileType = sourcecode.swift; path = DetailView.swift; sourceTree = "<group>"; };
		17DA11C9257ACC3B00DC5C60 /* DetailView2.swift */ = {isa = PBXFileReference; lastKnownFileType = sourcecode.swift; path = DetailView2.swift; sourceTree = "<group>"; };
		17FD97B025F3C30D005E2A4A /* DetailView3.swift */ = {isa = PBXFileReference; lastKnownFileType = sourcecode.swift; path = DetailView3.swift; sourceTree = "<group>"; };
		17FD97B325F3C318005E2A4A /* DetailView4.swift */ = {isa = PBXFileReference; lastKnownFileType = sourcecode.swift; path = DetailView4.swift; sourceTree = "<group>"; };
/* End PBXFileReference section */

/* Begin PBXFrameworksBuildPhase section */
		17DA11AB257ABA1D00DC5C60 /* Frameworks */ = {
			isa = PBXFrameworksBuildPhase;
			buildActionMask = 2147483647;
			files = (
			);
			runOnlyForDeploymentPostprocessing = 0;
		};
/* End PBXFrameworksBuildPhase section */

/* Begin PBXGroup section */
		17DA11A5257ABA1D00DC5C60 = {
			isa = PBXGroup;
			children = (
				17DA11B0257ABA1D00DC5C60 /* navigationWithSwiftUI */,
				17DA11AF257ABA1D00DC5C60 /* Products */,
			);
			sourceTree = "<group>";
		};
		17DA11AF257ABA1D00DC5C60 /* Products */ = {
			isa = PBXGroup;
			children = (
				17DA11AE257ABA1D00DC5C60 /* navigationWithSwiftUI.app */,
			);
			name = Products;
			sourceTree = "<group>";
		};
		17DA11B0257ABA1D00DC5C60 /* navigationWithSwiftUI */ = {
			isa = PBXGroup;
			children = (
				17DA11B1257ABA1D00DC5C60 /* AppDelegate.swift */,
				17DA11B3257ABA1D00DC5C60 /* SceneDelegate.swift */,
				17DA11B7257ABA2200DC5C60 /* Assets.xcassets */,
				17DA11BC257ABA2200DC5C60 /* LaunchScreen.storyboard */,
				17DA11BF257ABA2200DC5C60 /* Info.plist */,
				17DA11B9257ABA2200DC5C60 /* Preview Content */,
				17DA11B5257ABA1D00DC5C60 /* ContentView.swift */,
				17DA11C6257AC90E00DC5C60 /* DetailView.swift */,
				17DA11C9257ACC3B00DC5C60 /* DetailView2.swift */,
				17FD97B025F3C30D005E2A4A /* DetailView3.swift */,
				17FD97B325F3C318005E2A4A /* DetailView4.swift */,
			);
			path = navigationWithSwiftUI;
			sourceTree = "<group>";
		};
		17DA11B9257ABA2200DC5C60 /* Preview Content */ = {
			isa = PBXGroup;
			children = (
				17DA11BA257ABA2200DC5C60 /* Preview Assets.xcassets */,
			);
			path = "Preview Content";
			sourceTree = "<group>";
		};
/* End PBXGroup section */

/* Begin PBXNativeTarget section */
		17DA11AD257ABA1D00DC5C60 /* navigationWithSwiftUI */ = {
			isa = PBXNativeTarget;
			buildConfigurationList = 17DA11C2257ABA2200DC5C60 /* Build configuration list for PBXNativeTarget "navigationWithSwiftUI" */;
			buildPhases = (
				17DA11AA257ABA1D00DC5C60 /* Sources */,
				17DA11AB257ABA1D00DC5C60 /* Frameworks */,
				17DA11AC257ABA1D00DC5C60 /* Resources */,
			);
			buildRules = (
			);
			dependencies = (
			);
			name = navigationWithSwiftUI;
			productName = navegationWithSwiftUI;
			productReference = 17DA11AE257ABA1D00DC5C60 /* navigationWithSwiftUI.app */;
			productType = "com.apple.product-type.application";
		};
/* End PBXNativeTarget section */

/* Begin PBXProject section */
		17DA11A6257ABA1D00DC5C60 /* Project object */ = {
			isa = PBXProject;
			attributes = {
				LastSwiftUpdateCheck = 1220;
				LastUpgradeCheck = 1220;
				TargetAttributes = {
					17DA11AD257ABA1D00DC5C60 = {
						CreatedOnToolsVersion = 12.2;
					};
				};
			};
			buildConfigurationList = 17DA11A9257ABA1D00DC5C60 /* Build configuration list for PBXProject "navigationWithSwiftUI" */;
			compatibilityVersion = "Xcode 9.3";
			developmentRegion = en;
			hasScannedForEncodings = 0;
			knownRegions = (
				en,
				Base,
			);
			mainGroup = 17DA11A5257ABA1D00DC5C60;
			productRefGroup = 17DA11AF257ABA1D00DC5C60 /* Products */;
			projectDirPath = "";
			projectRoot = "";
			targets = (
				17DA11AD257ABA1D00DC5C60 /* navigationWithSwiftUI */,
			);
		};
/* End PBXProject section */

/* Begin PBXResourcesBuildPhase section */
		17DA11AC257ABA1D00DC5C60 /* Resources */ = {
			isa = PBXResourcesBuildPhase;
			buildActionMask = 2147483647;
			files = (
				17DA11BE257ABA2200DC5C60 /* LaunchScreen.storyboard in Resources */,
				17DA11BB257ABA2200DC5C60 /* Preview Assets.xcassets in Resources */,
				17DA11B8257ABA2200DC5C60 /* Assets.xcassets in Resources */,
			);
			runOnlyForDeploymentPostprocessing = 0;
		};
/* End PBXResourcesBuildPhase section */

/* Begin PBXSourcesBuildPhase section */
		17DA11AA257ABA1D00DC5C60 /* Sources */ = {
			isa = PBXSourcesBuildPhase;
			buildActionMask = 2147483647;
			files = (
				17DA11B2257ABA1D00DC5C60 /* AppDelegate.swift in Sources */,
				17DA11C7257AC90E00DC5C60 /* DetailView.swift in Sources */,
				17DA11B4257ABA1D00DC5C60 /* SceneDelegate.swift in Sources */,
				17FD97B125F3C30D005E2A4A /* DetailView3.swift in Sources */,
				17DA11CA257ACC3B00DC5C60 /* DetailView2.swift in Sources */,
				17FD97B425F3C318005E2A4A /* DetailView4.swift in Sources */,
				17DA11B6257ABA1D00DC5C60 /* ContentView.swift in Sources */,
			);
			runOnlyForDeploymentPostprocessing = 0;
		};
/* End PBXSourcesBuildPhase section */

/* Begin PBXVariantGroup section */
		17DA11BC257ABA2200DC5C60 /* LaunchScreen.storyboard */ = {
			isa = PBXVariantGroup;
			children = (
				17DA11BD257ABA2200DC5C60 /* Base */,
			);
			name = LaunchScreen.storyboard;
			sourceTree = "<group>";
		};
/* End PBXVariantGroup section */

/* Begin XCBuildConfiguration section */
		17DA11C0257ABA2200DC5C60 /* Debug */ = {
			isa = XCBuildConfiguration;
			buildSettings = {
				ALWAYS_SEARCH_USER_PATHS = NO;
				CLANG_ANALYZER_NONNULL = YES;
				CLANG_ANALYZER_NUMBER_OBJECT_CONVERSION = YES_AGGRESSIVE;
				CLANG_CXX_LANGUAGE_STANDARD = "gnu++14";
				CLANG_CXX_LIBRARY = "libc++";
				CLANG_ENABLE_MODULES = YES;
				CLANG_ENABLE_OBJC_ARC = YES;
				CLANG_ENABLE_OBJC_WEAK = YES;
				CLANG_WARN_BLOCK_CAPTURE_AUTORELEASING = YES;
				CLANG_WARN_BOOL_CONVERSION = YES;
				CLANG_WARN_COMMA = YES;
				CLANG_WARN_CONSTANT_CONVERSION = YES;
				CLANG_WARN_DEPRECATED_OBJC_IMPLEMENTATIONS = YES;
				CLANG_WARN_DIRECT_OBJC_ISA_USAGE = YES_ERROR;
				CLANG_WARN_DOCUMENTATION_COMMENTS = YES;
				CLANG_WARN_EMPTY_BODY = YES;
				CLANG_WARN_ENUM_CONVERSION = YES;
				CLANG_WARN_INFINITE_RECURSION = YES;
				CLANG_WARN_INT_CONVERSION = YES;
				CLANG_WARN_NON_LITERAL_NULL_CONVERSION = YES;
				CLANG_WARN_OBJC_IMPLICIT_RETAIN_SELF = YES;
				CLANG_WARN_OBJC_LITERAL_CONVERSION = YES;
				CLANG_WARN_OBJC_ROOT_CLASS = YES_ERROR;
				CLANG_WARN_QUOTED_INCLUDE_IN_FRAMEWORK_HEADER = YES;
				CLANG_WARN_RANGE_LOOP_ANALYSIS = YES;
				CLANG_WARN_STRICT_PROTOTYPES = YES;
				CLANG_WARN_SUSPICIOUS_MOVE = YES;
				CLANG_WARN_UNGUARDED_AVAILABILITY = YES_AGGRESSIVE;
				CLANG_WARN_UNREACHABLE_CODE = YES;
				CLANG_WARN__DUPLICATE_METHOD_MATCH = YES;
				COPY_PHASE_STRIP = NO;
				DEBUG_INFORMATION_FORMAT = dwarf;
				ENABLE_STRICT_OBJC_MSGSEND = YES;
				ENABLE_TESTABILITY = YES;
				GCC_C_LANGUAGE_STANDARD = gnu11;
				GCC_DYNAMIC_NO_PIC = NO;
				GCC_NO_COMMON_BLOCKS = YES;
				GCC_OPTIMIZATION_LEVEL = 0;
				GCC_PREPROCESSOR_DEFINITIONS = (
					"DEBUG=1",
					"$(inherited)",
				);
				GCC_WARN_64_TO_32_BIT_CONVERSION = YES;
				GCC_WARN_ABOUT_RETURN_TYPE = YES_ERROR;
				GCC_WARN_UNDECLARED_SELECTOR = YES;
				GCC_WARN_UNINITIALIZED_AUTOS = YES_AGGRESSIVE;
				GCC_WARN_UNUSED_FUNCTION = YES;
				GCC_WARN_UNUSED_VARIABLE = YES;
				IPHONEOS_DEPLOYMENT_TARGET = 14.2;
				MTL_ENABLE_DEBUG_INFO = INCLUDE_SOURCE;
				MTL_FAST_MATH = YES;
				ONLY_ACTIVE_ARCH = YES;
				SDKROOT = iphoneos;
				SWIFT_ACTIVE_COMPILATION_CONDITIONS = DEBUG;
				SWIFT_OPTIMIZATION_LEVEL = "-Onone";
			};
			name = Debug;
		};
		17DA11C1257ABA2200DC5C60 /* Release */ = {
			isa = XCBuildConfiguration;
			buildSettings = {
				ALWAYS_SEARCH_USER_PATHS = NO;
				CLANG_ANALYZER_NONNULL = YES;
				CLANG_ANALYZER_NUMBER_OBJECT_CONVERSION = YES_AGGRESSIVE;
				CLANG_CXX_LANGUAGE_STANDARD = "gnu++14";
				CLANG_CXX_LIBRARY = "libc++";
				CLANG_ENABLE_MODULES = YES;
				CLANG_ENABLE_OBJC_ARC = YES;
				CLANG_ENABLE_OBJC_WEAK = YES;
				CLANG_WARN_BLOCK_CAPTURE_AUTORELEASING = YES;
				CLANG_WARN_BOOL_CONVERSION = YES;
				CLANG_WARN_COMMA = YES;
				CLANG_WARN_CONSTANT_CONVERSION = YES;
				CLANG_WARN_DEPRECATED_OBJC_IMPLEMENTATIONS = YES;
				CLANG_WARN_DIRECT_OBJC_ISA_USAGE = YES_ERROR;
				CLANG_WARN_DOCUMENTATION_COMMENTS = YES;
				CLANG_WARN_EMPTY_BODY = YES;
				CLANG_WARN_ENUM_CONVERSION = YES;
				CLANG_WARN_INFINITE_RECURSION = YES;
				CLANG_WARN_INT_CONVERSION = YES;
				CLANG_WARN_NON_LITERAL_NULL_CONVERSION = YES;
				CLANG_WARN_OBJC_IMPLICIT_RETAIN_SELF = YES;
				CLANG_WARN_OBJC_LITERAL_CONVERSION = YES;
				CLANG_WARN_OBJC_ROOT_CLASS = YES_ERROR;
				CLANG_WARN_QUOTED_INCLUDE_IN_FRAMEWORK_HEADER = YES;
				CLANG_WARN_RANGE_LOOP_ANALYSIS = YES;
				CLANG_WARN_STRICT_PROTOTYPES = YES;
				CLANG_WARN_SUSPICIOUS_MOVE = YES;
				CLANG_WARN_UNGUARDED_AVAILABILITY = YES_AGGRESSIVE;
				CLANG_WARN_UNREACHABLE_CODE = YES;
				CLANG_WARN__DUPLICATE_METHOD_MATCH = YES;
				COPY_PHASE_STRIP = NO;
				DEBUG_INFORMATION_FORMAT = "dwarf-with-dsym";
				ENABLE_NS_ASSERTIONS = NO;
				ENABLE_STRICT_OBJC_MSGSEND = YES;
				GCC_C_LANGUAGE_STANDARD = gnu11;
				GCC_NO_COMMON_BLOCKS = YES;
				GCC_WARN_64_TO_32_BIT_CONVERSION = YES;
				GCC_WARN_ABOUT_RETURN_TYPE = YES_ERROR;
				GCC_WARN_UNDECLARED_SELECTOR = YES;
				GCC_WARN_UNINITIALIZED_AUTOS = YES_AGGRESSIVE;
				GCC_WARN_UNUSED_FUNCTION = YES;
				GCC_WARN_UNUSED_VARIABLE = YES;
				IPHONEOS_DEPLOYMENT_TARGET = 14.2;
				MTL_ENABLE_DEBUG_INFO = NO;
				MTL_FAST_MATH = YES;
				SDKROOT = iphoneos;
				SWIFT_COMPILATION_MODE = wholemodule;
				SWIFT_OPTIMIZATION_LEVEL = "-O";
				VALIDATE_PRODUCT = YES;
			};
			name = Release;
		};
		17DA11C3257ABA2200DC5C60 /* Debug */ = {
			isa = XCBuildConfiguration;
			buildSettings = {
				ASSETCATALOG_COMPILER_APPICON_NAME = AppIcon;
				ASSETCATALOG_COMPILER_GLOBAL_ACCENT_COLOR_NAME = AccentColor;
				CODE_SIGN_STYLE = Automatic;
				DEVELOPMENT_ASSET_PATHS = "\"navigationWithSwiftUI/Preview Content\"";
				DEVELOPMENT_TEAM = 2QC8C374PG;
				ENABLE_PREVIEWS = YES;
				INFOPLIST_FILE = navigationWithSwiftUI/Info.plist;
				LD_RUNPATH_SEARCH_PATHS = (
					"$(inherited)",
					"@executable_path/Frameworks",
				);
				PRODUCT_BUNDLE_IDENTIFIER = br.ufpe.cin.academy..navigationWithSwiftUI;
				PRODUCT_NAME = "$(TARGET_NAME)";
				SWIFT_VERSION = 5.0;
				TARGETED_DEVICE_FAMILY = "1,2";
			};
			name = Debug;
		};
		17DA11C4257ABA2200DC5C60 /* Release */ = {
			isa = XCBuildConfiguration;
			buildSettings = {
				ASSETCATALOG_COMPILER_APPICON_NAME = AppIcon;
				ASSETCATALOG_COMPILER_GLOBAL_ACCENT_COLOR_NAME = AccentColor;
				CODE_SIGN_STYLE = Automatic;
				DEVELOPMENT_ASSET_PATHS = "\"navigationWithSwiftUI/Preview Content\"";
				DEVELOPMENT_TEAM = 2QC8C374PG;
				ENABLE_PREVIEWS = YES;
				INFOPLIST_FILE = navigationWithSwiftUI/Info.plist;
				LD_RUNPATH_SEARCH_PATHS = (
					"$(inherited)",
					"@executable_path/Frameworks",
				);
				PRODUCT_BUNDLE_IDENTIFIER = br.ufpe.cin.academy..navigationWithSwiftUI;
				PRODUCT_NAME = "$(TARGET_NAME)";
				SWIFT_VERSION = 5.0;
				TARGETED_DEVICE_FAMILY = "1,2";
			};
			name = Release;
		};
/* End XCBuildConfiguration section */

/* Begin XCConfigurationList section */
		17DA11A9257ABA1D00DC5C60 /* Build configuration list for PBXProject "navigationWithSwiftUI" */ = {
			isa = XCConfigurationList;
			buildConfigurations = (
				17DA11C0257ABA2200DC5C60 /* Debug */,
				17DA11C1257ABA2200DC5C60 /* Release */,
			);
			defaultConfigurationIsVisible = 0;
			defaultConfigurationName = Release;
		};
		17DA11C2257ABA2200DC5C60 /* Build configuration list for PBXNativeTarget "navigationWithSwiftUI" */ = {
			isa = XCConfigurationList;
			buildConfigurations = (
				17DA11C3257ABA2200DC5C60 /* Debug */,
				17DA11C4257ABA2200DC5C60 /* Release */,
			);
			defaultConfigurationIsVisible = 0;
			defaultConfigurationName = Release;
		};
/* End XCConfigurationList section */
	};
	rootObject = 17DA11A6257ABA1D00DC5C60 /* Project object */;
}
